
Microsoft Visual Studio Solution File, Format Version 12.00
# Visual Studio Version 17
VisualStudioVersion = 17.11.35327.3
MinimumVisualStudioVersion = 10.0.40219.1
Project("{9A19103F-16F7-4668-BE54-9A1E7A4F7556}") = "ia-data-api", "ia-data-api\ia-data-api.csproj", "{DB0466B8-689A-48B3-9AFD-331B517FA602}"
EndProject
Project("{2150E333-8FDC-42A3-9474-1A3956D46DE8}") = "DataTier", "DataTier", "{63ECECA2-A27F-4EE0-A24A-B3F724C7513F}"
EndProject
Project("{9A19103F-16F7-4668-BE54-9A1E7A4F7556}") = "DDO.FAInformationAsset", "DDO.FAInformationAsset\DDO.FAInformationAsset.csproj", "{16590B19-69D5-4258-8429-58B546E037E9}"
EndProject
Project("{9A19103F-16F7-4668-BE54-9A1E7A4F7556}") = "DDO.InformationAsset", "DDO.InformationAsset\DDO.InformationAsset.csproj", "{CF4AAFF2-1755-40F6-BA9F-F9A82ED87BD6}"
EndProject
Project("{9A19103F-16F7-4668-BE54-9A1E7A4F7556}") = "DDO.PreparedFile", "DDO.PreparedFile\DDO.PreparedFile.csproj", "{978E69E2-4EEF-4808-A1DA-4908F8ACAFD8}"
EndProject
Project("{9A19103F-16F7-4668-BE54-9A1E7A4F7556}") = "DDO.Replica", "DDO.Replica\DDO.Replica.csproj", "{ABB3D697-ACBD-4C7E-BB51-6E8478E7CE81}"
EndProject
Project("{9A19103F-16F7-4668-BE54-9A1E7A4F7556}") = "DDO.ReplicaEditSet", "DDO.ReplicaEditSet\DDO.ReplicaEditSet.csproj", "{606BD8C2-892D-4507-A691-617722309D3A}"
EndProject
Project("{2150E333-8FDC-42A3-9474-1A3956D46DE8}") = "Repositories", "Repositories", "{DCA9794A-E4B8-41DA-A637-69DC893D1CDB}"
EndProject
Project("{2150E333-8FDC-42A3-9474-1A3956D46DE8}") = "UnitTests", "UnitTests", "{350A786F-9C30-4F9E-8D96-1EDEE3BB3F2D}"
EndProject
Project("{9A19103F-16F7-4668-BE54-9A1E7A4F7556}") = "Repositories.Tests", "Repositories.Tests\Repositories.Tests.csproj", "{0E20809C-90CA-433A-A6ED-476C81D1010E}"
EndProject
Project("{9A19103F-16F7-4668-BE54-9A1E7A4F7556}") = "Repositories.FAInformationAsset", "Repositories.FAInformationAsset\Repositories.FAInformationAsset.csproj", "{0435527D-743A-4999-809C-8B7544189DC7}"
EndProject
Project("{9A19103F-16F7-4668-BE54-9A1E7A4F7556}") = "Repositories.InformationAsset", "Repositories.InformationAsset\Repositories.InformationAsset.csproj", "{D8FC089F-3856-4446-881F-2B33E074DD3E}"
EndProject
Project("{9A19103F-16F7-4668-BE54-9A1E7A4F7556}") = "Repositories.PreparedFile", "Repositories.PreparedFile\Repositories.PreparedFile.csproj", "{E6796902-D22C-42B0-AFA2-CBEAC642006B}"
EndProject
Project("{9A19103F-16F7-4668-BE54-9A1E7A4F7556}") = "Repositories.Replica", "Repositories.Replica\Repositories.Replica.csproj", "{A228DC1A-C761-497E-AEF3-817E04282A48}"
EndProject
Project("{9A19103F-16F7-4668-BE54-9A1E7A4F7556}") = "Repositories.ReplicaEditSet", "Repositories.ReplicaEditSet\Repositories.ReplicaEditSet.csproj", "{14EAFF56-DC45-4EF7-A338-DE42805B8D80}"
EndProject
Project("{9A19103F-16F7-4668-BE54-9A1E7A4F7556}") = "RepositoryContracts.FAInformationAsset", "RepositoryContracts.FAInformationAsset\RepositoryContracts.FAInformationAsset.csproj", "{18C06BEF-12BB-4555-959C-0AD49882B0E7}"
EndProject
Project("{9A19103F-16F7-4668-BE54-9A1E7A4F7556}") = "RepositoryContracts.InformationAsset", "RepositoryContracts.InformationAsset\RepositoryContracts.InformationAsset.csproj", "{F73DB2D6-FFF8-4A96-B234-FACC283C96BD}"
EndProject
Project("{9A19103F-16F7-4668-BE54-9A1E7A4F7556}") = "RepositoryContracts.PreparedFile", "RepositoryContracts.PreparedFile\RepositoryContracts.PreparedFile.csproj", "{1637D6DC-4FE8-410A-9A03-25E7A94CDC68}"
EndProject
Project("{9A19103F-16F7-4668-BE54-9A1E7A4F7556}") = "RepositoryContracts.Replica", "RepositoryContracts.Replica\RepositoryContracts.Replica.csproj", "{E63EAEA5-4D88-48D7-B734-D7A73942BF40}"
EndProject
Project("{9A19103F-16F7-4668-BE54-9A1E7A4F7556}") = "RepositoryContracts.ReplicaEditSet", "RepositoryContracts.ReplicaEditSet\RepositoryContracts.ReplicaEditSet.csproj", "{C8F4DE0D-C1D9-4772-87FD-731E52C951A4}"
EndProject
Project("{2150E333-8FDC-42A3-9474-1A3956D46DE8}") = "TNA.RepositoryLibraries", "TNA.RepositoryLibraries", "{3FC97D82-E1FE-4850-876B-C07A061B7704}"
EndProject
Project("{9A19103F-16F7-4668-BE54-9A1E7A4F7556}") = "TNA.RepositoryLibraries.MongoDB", "TNA.RepositoryLibraries.MongoDB\TNA.RepositoryLibraries.MongoDB.csproj", "{44920C00-DBD2-470B-AAAA-80B5DFACBA26}"
EndProject
Project("{9A19103F-16F7-4668-BE54-9A1E7A4F7556}") = "TNA.RepositoryLibraries.MongoDBEntities", "TNA.RepositoryLibraries.MongoDBEntities\TNA.RepositoryLibraries.MongoDBEntities.csproj", "{51F58027-A0F5-452F-9864-F4F0372F5941}"
EndProject
Project("{9A19103F-16F7-4668-BE54-9A1E7A4F7556}") = "meta-data-api", "meta-data-api\meta-data-api.csproj", "{85595BC9-F217-4456-9C7F-3F2AB2F0D304}"
EndProject
Project("{9A19103F-16F7-4668-BE54-9A1E7A4F7556}") = "sar-data-api", "sar-data-api\sar-data-api.csproj", "{1DE6123E-751E-457F-88A5-5CC3BCE57FCC}"
EndProject
Project("{FAE04EC0-301F-11D3-BF4B-00C04F79EFBC}") = "DDO.SarInfo", "DDO.SarInfo\DDO.SarInfo.csproj", "{8DDEB726-75CE-4BBB-80F0-78CD07B12061}"
EndProject
Project("{FAE04EC0-301F-11D3-BF4B-00C04F79EFBC}") = "RepositoryContracts.SarInfo", "RepositoryContracts.Sar\RepositoryContracts.SarInfo.csproj", "{FD12F7CA-F088-4DDC-9947-95678B153804}"
EndProject
Project("{FAE04EC0-301F-11D3-BF4B-00C04F79EFBC}") = "Repositories.SarInfo", "Repositories.SarInfo\Repositories.SarInfo.csproj", "{156D73E2-0E04-4E8B-8FD9-D2622BB190CF}"
EndProject
Global
	GlobalSection(SolutionConfigurationPlatforms) = preSolution
		Debug|Any CPU = Debug|Any CPU
		Release|Any CPU = Release|Any CPU
	EndGlobalSection
	GlobalSection(ProjectConfigurationPlatforms) = postSolution
		{DB0466B8-689A-48B3-9AFD-331B517FA602}.Debug|Any CPU.ActiveCfg = Debug|Any CPU
		{DB0466B8-689A-48B3-9AFD-331B517FA602}.Debug|Any CPU.Build.0 = Debug|Any CPU
		{DB0466B8-689A-48B3-9AFD-331B517FA602}.Release|Any CPU.ActiveCfg = Release|Any CPU
		{DB0466B8-689A-48B3-9AFD-331B517FA602}.Release|Any CPU.Build.0 = Release|Any CPU
		{16590B19-69D5-4258-8429-58B546E037E9}.Debug|Any CPU.ActiveCfg = Debug|Any CPU
		{16590B19-69D5-4258-8429-58B546E037E9}.Debug|Any CPU.Build.0 = Debug|Any CPU
		{16590B19-69D5-4258-8429-58B546E037E9}.Release|Any CPU.ActiveCfg = Release|Any CPU
		{16590B19-69D5-4258-8429-58B546E037E9}.Release|Any CPU.Build.0 = Release|Any CPU
		{CF4AAFF2-1755-40F6-BA9F-F9A82ED87BD6}.Debug|Any CPU.ActiveCfg = Debug|Any CPU
		{CF4AAFF2-1755-40F6-BA9F-F9A82ED87BD6}.Debug|Any CPU.Build.0 = Debug|Any CPU
		{CF4AAFF2-1755-40F6-BA9F-F9A82ED87BD6}.Release|Any CPU.ActiveCfg = Release|Any CPU
		{CF4AAFF2-1755-40F6-BA9F-F9A82ED87BD6}.Release|Any CPU.Build.0 = Release|Any CPU
		{978E69E2-4EEF-4808-A1DA-4908F8ACAFD8}.Debug|Any CPU.ActiveCfg = Debug|Any CPU
		{978E69E2-4EEF-4808-A1DA-4908F8ACAFD8}.Debug|Any CPU.Build.0 = Debug|Any CPU
		{978E69E2-4EEF-4808-A1DA-4908F8ACAFD8}.Release|Any CPU.ActiveCfg = Release|Any CPU
		{978E69E2-4EEF-4808-A1DA-4908F8ACAFD8}.Release|Any CPU.Build.0 = Release|Any CPU
		{ABB3D697-ACBD-4C7E-BB51-6E8478E7CE81}.Debug|Any CPU.ActiveCfg = Debug|Any CPU
		{ABB3D697-ACBD-4C7E-BB51-6E8478E7CE81}.Debug|Any CPU.Build.0 = Debug|Any CPU
		{ABB3D697-ACBD-4C7E-BB51-6E8478E7CE81}.Release|Any CPU.ActiveCfg = Release|Any CPU
		{ABB3D697-ACBD-4C7E-BB51-6E8478E7CE81}.Release|Any CPU.Build.0 = Release|Any CPU
		{606BD8C2-892D-4507-A691-617722309D3A}.Debug|Any CPU.ActiveCfg = Debug|Any CPU
		{606BD8C2-892D-4507-A691-617722309D3A}.Debug|Any CPU.Build.0 = Debug|Any CPU
		{606BD8C2-892D-4507-A691-617722309D3A}.Release|Any CPU.ActiveCfg = Release|Any CPU
		{606BD8C2-892D-4507-A691-617722309D3A}.Release|Any CPU.Build.0 = Release|Any CPU
		{0E20809C-90CA-433A-A6ED-476C81D1010E}.Debug|Any CPU.ActiveCfg = Debug|Any CPU
		{0E20809C-90CA-433A-A6ED-476C81D1010E}.Debug|Any CPU.Build.0 = Debug|Any CPU
		{0E20809C-90CA-433A-A6ED-476C81D1010E}.Release|Any CPU.ActiveCfg = Release|Any CPU
		{0E20809C-90CA-433A-A6ED-476C81D1010E}.Release|Any CPU.Build.0 = Release|Any CPU
		{0435527D-743A-4999-809C-8B7544189DC7}.Debug|Any CPU.ActiveCfg = Debug|Any CPU
		{0435527D-743A-4999-809C-8B7544189DC7}.Debug|Any CPU.Build.0 = Debug|Any CPU
		{0435527D-743A-4999-809C-8B7544189DC7}.Release|Any CPU.ActiveCfg = Release|Any CPU
		{0435527D-743A-4999-809C-8B7544189DC7}.Release|Any CPU.Build.0 = Release|Any CPU
		{D8FC089F-3856-4446-881F-2B33E074DD3E}.Debug|Any CPU.ActiveCfg = Debug|Any CPU
		{D8FC089F-3856-4446-881F-2B33E074DD3E}.Debug|Any CPU.Build.0 = Debug|Any CPU
		{D8FC089F-3856-4446-881F-2B33E074DD3E}.Release|Any CPU.ActiveCfg = Release|Any CPU
		{D8FC089F-3856-4446-881F-2B33E074DD3E}.Release|Any CPU.Build.0 = Release|Any CPU
		{E6796902-D22C-42B0-AFA2-CBEAC642006B}.Debug|Any CPU.ActiveCfg = Debug|Any CPU
		{E6796902-D22C-42B0-AFA2-CBEAC642006B}.Debug|Any CPU.Build.0 = Debug|Any CPU
		{E6796902-D22C-42B0-AFA2-CBEAC642006B}.Release|Any CPU.ActiveCfg = Release|Any CPU
		{E6796902-D22C-42B0-AFA2-CBEAC642006B}.Release|Any CPU.Build.0 = Release|Any CPU
		{A228DC1A-C761-497E-AEF3-817E04282A48}.Debug|Any CPU.ActiveCfg = Debug|Any CPU
		{A228DC1A-C761-497E-AEF3-817E04282A48}.Debug|Any CPU.Build.0 = Debug|Any CPU
		{A228DC1A-C761-497E-AEF3-817E04282A48}.Release|Any CPU.ActiveCfg = Release|Any CPU
		{A228DC1A-C761-497E-AEF3-817E04282A48}.Release|Any CPU.Build.0 = Release|Any CPU
		{14EAFF56-DC45-4EF7-A338-DE42805B8D80}.Debug|Any CPU.ActiveCfg = Debug|Any CPU
		{14EAFF56-DC45-4EF7-A338-DE42805B8D80}.Debug|Any CPU.Build.0 = Debug|Any CPU
		{14EAFF56-DC45-4EF7-A338-DE42805B8D80}.Release|Any CPU.ActiveCfg = Release|Any CPU
		{14EAFF56-DC45-4EF7-A338-DE42805B8D80}.Release|Any CPU.Build.0 = Release|Any CPU
		{18C06BEF-12BB-4555-959C-0AD49882B0E7}.Debug|Any CPU.ActiveCfg = Debug|Any CPU
		{18C06BEF-12BB-4555-959C-0AD49882B0E7}.Debug|Any CPU.Build.0 = Debug|Any CPU
		{18C06BEF-12BB-4555-959C-0AD49882B0E7}.Release|Any CPU.ActiveCfg = Release|Any CPU
		{18C06BEF-12BB-4555-959C-0AD49882B0E7}.Release|Any CPU.Build.0 = Release|Any CPU
		{F73DB2D6-FFF8-4A96-B234-FACC283C96BD}.Debug|Any CPU.ActiveCfg = Debug|Any CPU
		{F73DB2D6-FFF8-4A96-B234-FACC283C96BD}.Debug|Any CPU.Build.0 = Debug|Any CPU
		{F73DB2D6-FFF8-4A96-B234-FACC283C96BD}.Release|Any CPU.ActiveCfg = Release|Any CPU
		{F73DB2D6-FFF8-4A96-B234-FACC283C96BD}.Release|Any CPU.Build.0 = Release|Any CPU
		{1637D6DC-4FE8-410A-9A03-25E7A94CDC68}.Debug|Any CPU.ActiveCfg = Debug|Any CPU
		{1637D6DC-4FE8-410A-9A03-25E7A94CDC68}.Debug|Any CPU.Build.0 = Debug|Any CPU
		{1637D6DC-4FE8-410A-9A03-25E7A94CDC68}.Release|Any CPU.ActiveCfg = Release|Any CPU
		{1637D6DC-4FE8-410A-9A03-25E7A94CDC68}.Release|Any CPU.Build.0 = Release|Any CPU
		{E63EAEA5-4D88-48D7-B734-D7A73942BF40}.Debug|Any CPU.ActiveCfg = Debug|Any CPU
		{E63EAEA5-4D88-48D7-B734-D7A73942BF40}.Debug|Any CPU.Build.0 = Debug|Any CPU
		{E63EAEA5-4D88-48D7-B734-D7A73942BF40}.Release|Any CPU.ActiveCfg = Release|Any CPU
		{E63EAEA5-4D88-48D7-B734-D7A73942BF40}.Release|Any CPU.Build.0 = Release|Any CPU
		{C8F4DE0D-C1D9-4772-87FD-731E52C951A4}.Debug|Any CPU.ActiveCfg = Debug|Any CPU
		{C8F4DE0D-C1D9-4772-87FD-731E52C951A4}.Debug|Any CPU.Build.0 = Debug|Any CPU
		{C8F4DE0D-C1D9-4772-87FD-731E52C951A4}.Release|Any CPU.ActiveCfg = Release|Any CPU
		{C8F4DE0D-C1D9-4772-87FD-731E52C951A4}.Release|Any CPU.Build.0 = Release|Any CPU
		{44920C00-DBD2-470B-AAAA-80B5DFACBA26}.Debug|Any CPU.ActiveCfg = Debug|Any CPU
		{44920C00-DBD2-470B-AAAA-80B5DFACBA26}.Debug|Any CPU.Build.0 = Debug|Any CPU
		{44920C00-DBD2-470B-AAAA-80B5DFACBA26}.Release|Any CPU.ActiveCfg = Release|Any CPU
		{44920C00-DBD2-470B-AAAA-80B5DFACBA26}.Release|Any CPU.Build.0 = Release|Any CPU
		{51F58027-A0F5-452F-9864-F4F0372F5941}.Debug|Any CPU.ActiveCfg = Debug|Any CPU
		{51F58027-A0F5-452F-9864-F4F0372F5941}.Debug|Any CPU.Build.0 = Debug|Any CPU
		{51F58027-A0F5-452F-9864-F4F0372F5941}.Release|Any CPU.ActiveCfg = Release|Any CPU
		{51F58027-A0F5-452F-9864-F4F0372F5941}.Release|Any CPU.Build.0 = Release|Any CPU
		{85595BC9-F217-4456-9C7F-3F2AB2F0D304}.Debug|Any CPU.ActiveCfg = Debug|Any CPU
		{85595BC9-F217-4456-9C7F-3F2AB2F0D304}.Debug|Any CPU.Build.0 = Debug|Any CPU
		{85595BC9-F217-4456-9C7F-3F2AB2F0D304}.Release|Any CPU.ActiveCfg = Release|Any CPU
		{85595BC9-F217-4456-9C7F-3F2AB2F0D304}.Release|Any CPU.Build.0 = Release|Any CPU
		{1DE6123E-751E-457F-88A5-5CC3BCE57FCC}.Debug|Any CPU.ActiveCfg = Debug|Any CPU
		{1DE6123E-751E-457F-88A5-5CC3BCE57FCC}.Debug|Any CPU.Build.0 = Debug|Any CPU
		{1DE6123E-751E-457F-88A5-5CC3BCE57FCC}.Release|Any CPU.ActiveCfg = Release|Any CPU
		{1DE6123E-751E-457F-88A5-5CC3BCE57FCC}.Release|Any CPU.Build.0 = Release|Any CPU
		{8DDEB726-75CE-4BBB-80F0-78CD07B12061}.Debug|Any CPU.ActiveCfg = Debug|Any CPU
		{8DDEB726-75CE-4BBB-80F0-78CD07B12061}.Debug|Any CPU.Build.0 = Debug|Any CPU
		{8DDEB726-75CE-4BBB-80F0-78CD07B12061}.Release|Any CPU.ActiveCfg = Release|Any CPU
		{8DDEB726-75CE-4BBB-80F0-78CD07B12061}.Release|Any CPU.Build.0 = Release|Any CPU
		{FD12F7CA-F088-4DDC-9947-95678B153804}.Debug|Any CPU.ActiveCfg = Debug|Any CPU
		{FD12F7CA-F088-4DDC-9947-95678B153804}.Debug|Any CPU.Build.0 = Debug|Any CPU
		{FD12F7CA-F088-4DDC-9947-95678B153804}.Release|Any CPU.ActiveCfg = Release|Any CPU
		{FD12F7CA-F088-4DDC-9947-95678B153804}.Release|Any CPU.Build.0 = Release|Any CPU
		{156D73E2-0E04-4E8B-8FD9-D2622BB190CF}.Debug|Any CPU.ActiveCfg = Debug|Any CPU
		{156D73E2-0E04-4E8B-8FD9-D2622BB190CF}.Debug|Any CPU.Build.0 = Debug|Any CPU
		{156D73E2-0E04-4E8B-8FD9-D2622BB190CF}.Release|Any CPU.ActiveCfg = Release|Any CPU
		{156D73E2-0E04-4E8B-8FD9-D2622BB190CF}.Release|Any CPU.Build.0 = Release|Any CPU
	EndGlobalSection
	GlobalSection(SolutionProperties) = preSolution
		HideSolutionNode = FALSE
	EndGlobalSection
	GlobalSection(NestedProjects) = preSolution
		{16590B19-69D5-4258-8429-58B546E037E9} = {63ECECA2-A27F-4EE0-A24A-B3F724C7513F}
		{CF4AAFF2-1755-40F6-BA9F-F9A82ED87BD6} = {63ECECA2-A27F-4EE0-A24A-B3F724C7513F}
		{978E69E2-4EEF-4808-A1DA-4908F8ACAFD8} = {63ECECA2-A27F-4EE0-A24A-B3F724C7513F}
		{ABB3D697-ACBD-4C7E-BB51-6E8478E7CE81} = {63ECECA2-A27F-4EE0-A24A-B3F724C7513F}
		{606BD8C2-892D-4507-A691-617722309D3A} = {63ECECA2-A27F-4EE0-A24A-B3F724C7513F}
		{350A786F-9C30-4F9E-8D96-1EDEE3BB3F2D} = {DCA9794A-E4B8-41DA-A637-69DC893D1CDB}
		{0E20809C-90CA-433A-A6ED-476C81D1010E} = {350A786F-9C30-4F9E-8D96-1EDEE3BB3F2D}
		{0435527D-743A-4999-809C-8B7544189DC7} = {DCA9794A-E4B8-41DA-A637-69DC893D1CDB}
		{D8FC089F-3856-4446-881F-2B33E074DD3E} = {DCA9794A-E4B8-41DA-A637-69DC893D1CDB}
		{E6796902-D22C-42B0-AFA2-CBEAC642006B} = {DCA9794A-E4B8-41DA-A637-69DC893D1CDB}
		{A228DC1A-C761-497E-AEF3-817E04282A48} = {DCA9794A-E4B8-41DA-A637-69DC893D1CDB}
		{14EAFF56-DC45-4EF7-A338-DE42805B8D80} = {DCA9794A-E4B8-41DA-A637-69DC893D1CDB}
		{18C06BEF-12BB-4555-959C-0AD49882B0E7} = {DCA9794A-E4B8-41DA-A637-69DC893D1CDB}
		{F73DB2D6-FFF8-4A96-B234-FACC283C96BD} = {DCA9794A-E4B8-41DA-A637-69DC893D1CDB}
		{1637D6DC-4FE8-410A-9A03-25E7A94CDC68} = {DCA9794A-E4B8-41DA-A637-69DC893D1CDB}
		{E63EAEA5-4D88-48D7-B734-D7A73942BF40} = {DCA9794A-E4B8-41DA-A637-69DC893D1CDB}
		{C8F4DE0D-C1D9-4772-87FD-731E52C951A4} = {DCA9794A-E4B8-41DA-A637-69DC893D1CDB}
		{44920C00-DBD2-470B-AAAA-80B5DFACBA26} = {3FC97D82-E1FE-4850-876B-C07A061B7704}
		{51F58027-A0F5-452F-9864-F4F0372F5941} = {3FC97D82-E1FE-4850-876B-C07A061B7704}
		{8DDEB726-75CE-4BBB-80F0-78CD07B12061} = {63ECECA2-A27F-4EE0-A24A-B3F724C7513F}
		{FD12F7CA-F088-4DDC-9947-95678B153804} = {DCA9794A-E4B8-41DA-A637-69DC893D1CDB}
		{156D73E2-0E04-4E8B-8FD9-D2622BB190CF} = {DCA9794A-E4B8-41DA-A637-69DC893D1CDB}
	EndGlobalSection
	GlobalSection(ExtensibilityGlobals) = postSolution
		SolutionGuid = {51AB8199-4A29-4E67-BB02-501C2CABADDE}
	EndGlobalSection
EndGlobal
